
Microsoft Visual Studio Solution File, Format Version 12.00
# Visual Studio 2012
Project("{888888A0-9F3D-457C-B088-3A5042F75D52}") = "knapsack", "knapsack\knapsack.pyproj", "{40AF9AEA-065A-44EA-A488-5AFBF068C10C}"
EndProject
Global
	GlobalSection(SolutionConfigurationPlatforms) = preSolution
		Debug|Any CPU = Debug|Any CPU
		Release|Any CPU = Release|Any CPU
	EndGlobalSection
	GlobalSection(ProjectConfigurationPlatforms) = postSolution
		{40AF9AEA-065A-44EA-A488-5AFBF068C10C}.Debug|Any CPU.ActiveCfg = Debug|Any CPU
		{40AF9AEA-065A-44EA-A488-5AFBF068C10C}.Release|Any CPU.ActiveCfg = Release|Any CPU
	EndGlobalSection
	GlobalSection(SolutionProperties) = preSolution
		HideSolutionNode = FALSE
	EndGlobalSection
EndGlobal
