
Microsoft Visual Studio Solution File, Format Version 12.00
# Visual Studio 2012
Project("{888888A0-9F3D-457C-B088-3A5042F75D52}") = "GraphColoring", "GraphColoring\GraphColoring.pyproj", "{3F73C462-A367-4E0E-BD37-0B2F9AF288AD}"
EndProject
Global
	GlobalSection(SolutionConfigurationPlatforms) = preSolution
		Debug|Any CPU = Debug|Any CPU
		Release|Any CPU = Release|Any CPU
	EndGlobalSection
	GlobalSection(ProjectConfigurationPlatforms) = postSolution
		{3F73C462-A367-4E0E-BD37-0B2F9AF288AD}.Debug|Any CPU.ActiveCfg = Debug|Any CPU
		{3F73C462-A367-4E0E-BD37-0B2F9AF288AD}.Release|Any CPU.ActiveCfg = Release|Any CPU
	EndGlobalSection
	GlobalSection(SolutionProperties) = preSolution
		HideSolutionNode = FALSE
	EndGlobalSection
EndGlobal
